
Microsoft Visual Studio Solution File, Format Version 12.00
# Visual Studio Version 17
VisualStudioVersion = 17.9.34728.123
MinimumVisualStudioVersion = 10.0.40219.1
Project("{FAE04EC0-301F-11D3-BF4B-00C04F79EFBC}") = "MVCMovies", "MVCMovies\MVCMovies.csproj", "{451B8192-A991-46EB-B8B8-8F183F3D7544}"
EndProject
Global
	GlobalSection(SolutionConfigurationPlatforms) = preSolution
		Debug|Any CPU = Debug|Any CPU
		Release|Any CPU = Release|Any CPU
	EndGlobalSection
	GlobalSection(ProjectConfigurationPlatforms) = postSolution
		{451B8192-A991-46EB-B8B8-8F183F3D7544}.Debug|Any CPU.ActiveCfg = Debug|Any CPU
		{451B8192-A991-46EB-B8B8-8F183F3D7544}.Debug|Any CPU.Build.0 = Debug|Any CPU
		{451B8192-A991-46EB-B8B8-8F183F3D7544}.Release|Any CPU.ActiveCfg = Release|Any CPU
		{451B8192-A991-46EB-B8B8-8F183F3D7544}.Release|Any CPU.Build.0 = Release|Any CPU
	EndGlobalSection
	GlobalSection(SolutionProperties) = preSolution
		HideSolutionNode = FALSE
	EndGlobalSection
	GlobalSection(ExtensibilityGlobals) = postSolution
		SolutionGuid = {30F6567A-5D99-42B2-96CB-043DF3CFE5DA}
	EndGlobalSection
EndGlobal
